// !$*UTF8*$!
{
	archiveVersion = 1;
	classes = {
	};
	objectVersion = 50;
	objects = {

/* Begin PBXBuildFile section */
		F707623520AD4DED00767897 /* AppDelegate.m in Sources */ = {isa = PBXBuildFile; fileRef = F707623420AD4DED00767897 /* AppDelegate.m */; };
		F707623820AD4DED00767897 /* ViewController.m in Sources */ = {isa = PBXBuildFile; fileRef = F707623720AD4DED00767897 /* ViewController.m */; };
		F707623B20AD4DED00767897 /* Main.storyboard in Resources */ = {isa = PBXBuildFile; fileRef = F707623920AD4DED00767897 /* Main.storyboard */; };
		F707623D20AD4DF300767897 /* Assets.xcassets in Resources */ = {isa = PBXBuildFile; fileRef = F707623C20AD4DF300767897 /* Assets.xcassets */; };
		F707624020AD4DF300767897 /* LaunchScreen.storyboard in Resources */ = {isa = PBXBuildFile; fileRef = F707623E20AD4DF300767897 /* LaunchScreen.storyboard */; };
		F707624320AD4DF300767897 /* main.m in Sources */ = {isa = PBXBuildFile; fileRef = F707624220AD4DF300767897 /* main.m */; };
		F707625120AD617800767897 /* MovieContentView.xib in Resources */ = {isa = PBXBuildFile; fileRef = F707625020AD617800767897 /* MovieContentView.xib */; };
		F78B5C9020B0445F005538F2 /* ATLoopView.m in Sources */ = {isa = PBXBuildFile; fileRef = F78B5C8F20B0445F005538F2 /* ATLoopView.m */; };
		F78B5C9320B044DD005538F2 /* ATPageControl.m in Sources */ = {isa = PBXBuildFile; fileRef = F78B5C9220B044DD005538F2 /* ATPageControl.m */; };
		F799CEEC20B0A7EB001583F2 /* README.md in Resources */ = {isa = PBXBuildFile; fileRef = F799CEEB20B0A7EB001583F2 /* README.md */; };
		F7D95DE220B138AB00F3BA4A /* NewsContentView.xib in Resources */ = {isa = PBXBuildFile; fileRef = F7D95DE120B138AB00F3BA4A /* NewsContentView.xib */; };
/* End PBXBuildFile section */

/* Begin PBXFileReference section */
		F707623020AD4DED00767897 /* ATLoopView.app */ = {isa = PBXFileReference; explicitFileType = wrapper.application; includeInIndex = 0; path = ATLoopView.app; sourceTree = BUILT_PRODUCTS_DIR; };
		F707623320AD4DED00767897 /* AppDelegate.h */ = {isa = PBXFileReference; lastKnownFileType = sourcecode.c.h; path = AppDelegate.h; sourceTree = "<group>"; };
		F707623420AD4DED00767897 /* AppDelegate.m */ = {isa = PBXFileReference; lastKnownFileType = sourcecode.c.objc; path = AppDelegate.m; sourceTree = "<group>"; };
		F707623620AD4DED00767897 /* ViewController.h */ = {isa = PBXFileReference; lastKnownFileType = sourcecode.c.h; path = ViewController.h; sourceTree = "<group>"; };
		F707623720AD4DED00767897 /* ViewController.m */ = {isa = PBXFileReference; lastKnownFileType = sourcecode.c.objc; path = ViewController.m; sourceTree = "<group>"; };
		F707623A20AD4DED00767897 /* Base */ = {isa = PBXFileReference; lastKnownFileType = file.storyboard; name = Base; path = Base.lproj/Main.storyboard; sourceTree = "<group>"; };
		F707623C20AD4DF300767897 /* Assets.xcassets */ = {isa = PBXFileReference; lastKnownFileType = folder.assetcatalog; path = Assets.xcassets; sourceTree = "<group>"; };
		F707623F20AD4DF300767897 /* Base */ = {isa = PBXFileReference; lastKnownFileType = file.storyboard; name = Base; path = Base.lproj/LaunchScreen.storyboard; sourceTree = "<group>"; };
		F707624120AD4DF300767897 /* Info.plist */ = {isa = PBXFileReference; lastKnownFileType = text.plist.xml; path = Info.plist; sourceTree = "<group>"; };
		F707624220AD4DF300767897 /* main.m */ = {isa = PBXFileReference; lastKnownFileType = sourcecode.c.objc; path = main.m; sourceTree = "<group>"; };
		F707625020AD617800767897 /* MovieContentView.xib */ = {isa = PBXFileReference; lastKnownFileType = file.xib; path = MovieContentView.xib; sourceTree = "<group>"; };
		F78B5C8E20B0445F005538F2 /* ATLoopView.h */ = {isa = PBXFileReference; lastKnownFileType = sourcecode.c.h; path = ATLoopView.h; sourceTree = "<group>"; };
		F78B5C8F20B0445F005538F2 /* ATLoopView.m */ = {isa = PBXFileReference; lastKnownFileType = sourcecode.c.objc; path = ATLoopView.m; sourceTree = "<group>"; };
		F78B5C9120B044DD005538F2 /* ATPageControl.h */ = {isa = PBXFileReference; lastKnownFileType = sourcecode.c.h; path = ATPageControl.h; sourceTree = "<group>"; };
		F78B5C9220B044DD005538F2 /* ATPageControl.m */ = {isa = PBXFileReference; lastKnownFileType = sourcecode.c.objc; path = ATPageControl.m; sourceTree = "<group>"; };
		F799CEEB20B0A7EB001583F2 /* README.md */ = {isa = PBXFileReference; fileEncoding = 4; lastKnownFileType = net.daringfireball.markdown; path = README.md; sourceTree = SOURCE_ROOT; };
		F7D95DE120B138AB00F3BA4A /* NewsContentView.xib */ = {isa = PBXFileReference; lastKnownFileType = file.xib; path = NewsContentView.xib; sourceTree = "<group>"; };
/* End PBXFileReference section */

/* Begin PBXFrameworksBuildPhase section */
		F707622D20AD4DED00767897 /* Frameworks */ = {
			isa = PBXFrameworksBuildPhase;
			buildActionMask = 2147483647;
			files = (
			);
			runOnlyForDeploymentPostprocessing = 0;
		};
/* End PBXFrameworksBuildPhase section */

/* Begin PBXGroup section */
		F707622720AD4DED00767897 = {
			isa = PBXGroup;
			children = (
				F707623220AD4DED00767897 /* Demo */,
				F78B5C8C20B04413005538F2 /* ATLoopView */,
				F707623120AD4DED00767897 /* Products */,
			);
			sourceTree = "<group>";
		};
		F707623120AD4DED00767897 /* Products */ = {
			isa = PBXGroup;
			children = (
				F707623020AD4DED00767897 /* ATLoopView.app */,
			);
			name = Products;
			sourceTree = "<group>";
		};
		F707623220AD4DED00767897 /* Demo */ = {
			isa = PBXGroup;
			children = (
				F707623320AD4DED00767897 /* AppDelegate.h */,
				F707623420AD4DED00767897 /* AppDelegate.m */,
				F707623620AD4DED00767897 /* ViewController.h */,
				F707623720AD4DED00767897 /* ViewController.m */,
				F707623920AD4DED00767897 /* Main.storyboard */,
				F707623C20AD4DF300767897 /* Assets.xcassets */,
				F707623E20AD4DF300767897 /* LaunchScreen.storyboard */,
				F707624120AD4DF300767897 /* Info.plist */,
				F707624220AD4DF300767897 /* main.m */,
				F707625020AD617800767897 /* MovieContentView.xib */,
				F7D95DE120B138AB00F3BA4A /* NewsContentView.xib */,
				F799CEEB20B0A7EB001583F2 /* README.md */,
			);
			path = Demo;
			sourceTree = "<group>";
		};
		F78B5C8C20B04413005538F2 /* ATLoopView */ = {
			isa = PBXGroup;
			children = (
				F78B5C8E20B0445F005538F2 /* ATLoopView.h */,
				F78B5C8F20B0445F005538F2 /* ATLoopView.m */,
				F78B5C9120B044DD005538F2 /* ATPageControl.h */,
				F78B5C9220B044DD005538F2 /* ATPageControl.m */,
			);
			path = ATLoopView;
			sourceTree = "<group>";
		};
/* End PBXGroup section */

/* Begin PBXNativeTarget section */
		F707622F20AD4DED00767897 /* ATLoopView */ = {
			isa = PBXNativeTarget;
			buildConfigurationList = F707624620AD4DF300767897 /* Build configuration list for PBXNativeTarget "ATLoopView" */;
			buildPhases = (
				F707622C20AD4DED00767897 /* Sources */,
				F707622D20AD4DED00767897 /* Frameworks */,
				F707622E20AD4DED00767897 /* Resources */,
			);
			buildRules = (
			);
			dependencies = (
			);
			name = ATLoopView;
			productName = ATLoopView;
			productReference = F707623020AD4DED00767897 /* ATLoopView.app */;
			productType = "com.apple.product-type.application";
		};
/* End PBXNativeTarget section */

/* Begin PBXProject section */
		F707622820AD4DED00767897 /* Project object */ = {
			isa = PBXProject;
			attributes = {
				LastUpgradeCheck = 0930;
				ORGANIZATIONNAME = lantuhy;
				TargetAttributes = {
					F707622F20AD4DED00767897 = {
						CreatedOnToolsVersion = 9.3.1;
					};
				};
			};
			buildConfigurationList = F707622B20AD4DED00767897 /* Build configuration list for PBXProject "ATLoopView" */;
			compatibilityVersion = "Xcode 9.3";
			developmentRegion = en;
			hasScannedForEncodings = 0;
			knownRegions = (
				en,
				Base,
			);
			mainGroup = F707622720AD4DED00767897;
			productRefGroup = F707623120AD4DED00767897 /* Products */;
			projectDirPath = "";
			projectRoot = "";
			targets = (
				F707622F20AD4DED00767897 /* ATLoopView */,
			);
		};
/* End PBXProject section */

/* Begin PBXResourcesBuildPhase section */
		F707622E20AD4DED00767897 /* Resources */ = {
			isa = PBXResourcesBuildPhase;
			buildActionMask = 2147483647;
			files = (
				F707624020AD4DF300767897 /* LaunchScreen.storyboard in Resources */,
				F707623D20AD4DF300767897 /* Assets.xcassets in Resources */,
				F7D95DE220B138AB00F3BA4A /* NewsContentView.xib in Resources */,
				F799CEEC20B0A7EB001583F2 /* README.md in Resources */,
				F707623B20AD4DED00767897 /* Main.storyboard in Resources */,
				F707625120AD617800767897 /* MovieContentView.xib in Resources */,
			);
			runOnlyForDeploymentPostprocessing = 0;
		};
/* End PBXResourcesBuildPhase section */

/* Begin PBXSourcesBuildPhase section */
		F707622C20AD4DED00767897 /* Sources */ = {
			isa = PBXSourcesBuildPhase;
			buildActionMask = 2147483647;
			files = (
				F707623820AD4DED00767897 /* ViewController.m in Sources */,
				F78B5C9320B044DD005538F2 /* ATPageControl.m in Sources */,
				F78B5C9020B0445F005538F2 /* ATLoopView.m in Sources */,
				F707624320AD4DF300767897 /* main.m in Sources */,
				F707623520AD4DED00767897 /* AppDelegate.m in Sources */,
			);
			runOnlyForDeploymentPostprocessing = 0;
		};
/* End PBXSourcesBuildPhase section */

/* Begin PBXVariantGroup section */
		F707623920AD4DED00767897 /* Main.storyboard */ = {
			isa = PBXVariantGroup;
			children = (
				F707623A20AD4DED00767897 /* Base */,
			);
			name = Main.storyboard;
			sourceTree = "<group>";
		};
		F707623E20AD4DF300767897 /* LaunchScreen.storyboard */ = {
			isa = PBXVariantGroup;
			children = (
				F707623F20AD4DF300767897 /* Base */,
			);
			name = LaunchScreen.storyboard;
			sourceTree = "<group>";
		};
/* End PBXVariantGroup section */

/* Begin XCBuildConfiguration section */
		F707624420AD4DF300767897 /* Debug */ = {
			isa = XCBuildConfiguration;
			buildSettings = {
				ALWAYS_SEARCH_USER_PATHS = NO;
				CLANG_ANALYZER_NONNULL = YES;
				CLANG_ANALYZER_NUMBER_OBJECT_CONVERSION = YES_AGGRESSIVE;
				CLANG_CXX_LANGUAGE_STANDARD = "gnu++14";
				CLANG_CXX_LIBRARY = "libc++";
				CLANG_ENABLE_MODULES = YES;
				CLANG_ENABLE_OBJC_ARC = YES;
				CLANG_ENABLE_OBJC_WEAK = YES;
				CLANG_WARN_BLOCK_CAPTURE_AUTORELEASING = YES;
				CLANG_WARN_BOOL_CONVERSION = YES;
				CLANG_WARN_COMMA = YES;
				CLANG_WARN_CONSTANT_CONVERSION = YES;
				CLANG_WARN_DEPRECATED_OBJC_IMPLEMENTATIONS = YES;
				CLANG_WARN_DIRECT_OBJC_ISA_USAGE = YES_ERROR;
				CLANG_WARN_DOCUMENTATION_COMMENTS = YES;
				CLANG_WARN_EMPTY_BODY = YES;
				CLANG_WARN_ENUM_CONVERSION = YES;
				CLANG_WARN_INFINITE_RECURSION = YES;
				CLANG_WARN_INT_CONVERSION = YES;
				CLANG_WARN_NON_LITERAL_NULL_CONVERSION = YES;
				CLANG_WARN_OBJC_IMPLICIT_RETAIN_SELF = YES;
				CLANG_WARN_OBJC_LITERAL_CONVERSION = YES;
				CLANG_WARN_OBJC_ROOT_CLASS = YES_ERROR;
				CLANG_WARN_RANGE_LOOP_ANALYSIS = YES;
				CLANG_WARN_STRICT_PROTOTYPES = YES;
				CLANG_WARN_SUSPICIOUS_MOVE = YES;
				CLANG_WARN_UNGUARDED_AVAILABILITY = YES_AGGRESSIVE;
				CLANG_WARN_UNREACHABLE_CODE = YES;
				CLANG_WARN__DUPLICATE_METHOD_MATCH = YES;
				CODE_SIGN_IDENTITY = "iPhone Developer";
				COPY_PHASE_STRIP = NO;
				DEBUG_INFORMATION_FORMAT = dwarf;
				ENABLE_STRICT_OBJC_MSGSEND = YES;
				ENABLE_TESTABILITY = YES;
				GCC_C_LANGUAGE_STANDARD = gnu11;
				GCC_DYNAMIC_NO_PIC = NO;
				GCC_NO_COMMON_BLOCKS = YES;
				GCC_OPTIMIZATION_LEVEL = 0;
				GCC_PREPROCESSOR_DEFINITIONS = (
					"DEBUG=1",
					"$(inherited)",
				);
				GCC_WARN_64_TO_32_BIT_CONVERSION = YES;
				GCC_WARN_ABOUT_RETURN_TYPE = YES_ERROR;
				GCC_WARN_UNDECLARED_SELECTOR = YES;
				GCC_WARN_UNINITIALIZED_AUTOS = YES_AGGRESSIVE;
				GCC_WARN_UNUSED_FUNCTION = YES;
				GCC_WARN_UNUSED_VARIABLE = YES;
				IPHONEOS_DEPLOYMENT_TARGET = 11.3;
				MTL_ENABLE_DEBUG_INFO = YES;
				ONLY_ACTIVE_ARCH = YES;
				SDKROOT = iphoneos;
			};
			name = Debug;
		};
		F707624520AD4DF300767897 /* Release */ = {
			isa = XCBuildConfiguration;
			buildSettings = {
				ALWAYS_SEARCH_USER_PATHS = NO;
				CLANG_ANALYZER_NONNULL = YES;
				CLANG_ANALYZER_NUMBER_OBJECT_CONVERSION = YES_AGGRESSIVE;
				CLANG_CXX_LANGUAGE_STANDARD = "gnu++14";
				CLANG_CXX_LIBRARY = "libc++";
				CLANG_ENABLE_MODULES = YES;
				CLANG_ENABLE_OBJC_ARC = YES;
				CLANG_ENABLE_OBJC_WEAK = YES;
				CLANG_WARN_BLOCK_CAPTURE_AUTORELEASING = YES;
				CLANG_WARN_BOOL_CONVERSION = YES;
				CLANG_WARN_COMMA = YES;
				CLANG_WARN_CONSTANT_CONVERSION = YES;
				CLANG_WARN_DEPRECATED_OBJC_IMPLEMENTATIONS = YES;
				CLANG_WARN_DIRECT_OBJC_ISA_USAGE = YES_ERROR;
				CLANG_WARN_DOCUMENTATION_COMMENTS = YES;
				CLANG_WARN_EMPTY_BODY = YES;
				CLANG_WARN_ENUM_CONVERSION = YES;
				CLANG_WARN_INFINITE_RECURSION = YES;
				CLANG_WARN_INT_CONVERSION = YES;
				CLANG_WARN_NON_LITERAL_NULL_CONVERSION = YES;
				CLANG_WARN_OBJC_IMPLICIT_RETAIN_SELF = YES;
				CLANG_WARN_OBJC_LITERAL_CONVERSION = YES;
				CLANG_WARN_OBJC_ROOT_CLASS = YES_ERROR;
				CLANG_WARN_RANGE_LOOP_ANALYSIS = YES;
				CLANG_WARN_STRICT_PROTOTYPES = YES;
				CLANG_WARN_SUSPICIOUS_MOVE = YES;
				CLANG_WARN_UNGUARDED_AVAILABILITY = YES_AGGRESSIVE;
				CLANG_WARN_UNREACHABLE_CODE = YES;
				CLANG_WARN__DUPLICATE_METHOD_MATCH = YES;
				CODE_SIGN_IDENTITY = "iPhone Developer";
				COPY_PHASE_STRIP = NO;
				DEBUG_INFORMATION_FORMAT = "dwarf-with-dsym";
				ENABLE_NS_ASSERTIONS = NO;
				ENABLE_STRICT_OBJC_MSGSEND = YES;
				GCC_C_LANGUAGE_STANDARD = gnu11;
				GCC_NO_COMMON_BLOCKS = YES;
				GCC_WARN_64_TO_32_BIT_CONVERSION = YES;
				GCC_WARN_ABOUT_RETURN_TYPE = YES_ERROR;
				GCC_WARN_UNDECLARED_SELECTOR = YES;
				GCC_WARN_UNINITIALIZED_AUTOS = YES_AGGRESSIVE;
				GCC_WARN_UNUSED_FUNCTION = YES;
				GCC_WARN_UNUSED_VARIABLE = YES;
				IPHONEOS_DEPLOYMENT_TARGET = 11.3;
				MTL_ENABLE_DEBUG_INFO = NO;
				SDKROOT = iphoneos;
				VALIDATE_PRODUCT = YES;
			};
			name = Release;
		};
		F707624720AD4DF300767897 /* Debug */ = {
			isa = XCBuildConfiguration;
			buildSettings = {
				ASSETCATALOG_COMPILER_APPICON_NAME = AppIcon;
				CODE_SIGN_STYLE = Automatic;
				DEVELOPMENT_TEAM = UFZ8CPXE95;
				INFOPLIST_FILE = "$(SRCROOT)/Demo/Info.plist";
				IPHONEOS_DEPLOYMENT_TARGET = 10.0;
				LD_RUNPATH_SEARCH_PATHS = (
					"$(inherited)",
					"@executable_path/Frameworks",
				);
				PRODUCT_BUNDLE_IDENTIFIER = lantuhy.ATLoopView;
				PRODUCT_NAME = "$(TARGET_NAME)";
				TARGETED_DEVICE_FAMILY = "1,2";
			};
			name = Debug;
		};
		F707624820AD4DF300767897 /* Release */ = {
			isa = XCBuildConfiguration;
			buildSettings = {
				ASSETCATALOG_COMPILER_APPICON_NAME = AppIcon;
				CODE_SIGN_STYLE = Automatic;
				DEVELOPMENT_TEAM = UFZ8CPXE95;
				INFOPLIST_FILE = "$(SRCROOT)/Demo/Info.plist";
				IPHONEOS_DEPLOYMENT_TARGET = 10.0;
				LD_RUNPATH_SEARCH_PATHS = (
					"$(inherited)",
					"@executable_path/Frameworks",
				);
				PRODUCT_BUNDLE_IDENTIFIER = lantuhy.ATLoopView;
				PRODUCT_NAME = "$(TARGET_NAME)";
				TARGETED_DEVICE_FAMILY = "1,2";
			};
			name = Release;
		};
/* End XCBuildConfiguration section */

/* Begin XCConfigurationList section */
		F707622B20AD4DED00767897 /* Build configuration list for PBXProject "ATLoopView" */ = {
			isa = XCConfigurationList;
			buildConfigurations = (
				F707624420AD4DF300767897 /* Debug */,
				F707624520AD4DF300767897 /* Release */,
			);
			defaultConfigurationIsVisible = 0;
			defaultConfigurationName = Release;
		};
		F707624620AD4DF300767897 /* Build configuration list for PBXNativeTarget "ATLoopView" */ = {
			isa = XCConfigurationList;
			buildConfigurations = (
				F707624720AD4DF300767897 /* Debug */,
				F707624820AD4DF300767897 /* Release */,
			);
			defaultConfigurationIsVisible = 0;
			defaultConfigurationName = Release;
		};
/* End XCConfigurationList section */
	};
	rootObject = F707622820AD4DED00767897 /* Project object */;
}
